
Microsoft Visual Studio Solution File, Format Version 12.00
# Visual Studio Version 17
VisualStudioVersion = 17.8.34525.116
MinimumVisualStudioVersion = 10.0.40219.1
Project("{FAE04EC0-301F-11D3-BF4B-00C04F79EFBC}") = "Backend", "Backend\Backend.csproj", "{3B4DA864-025A-4E69-B577-D63D6987C221}"
EndProject
Global
	GlobalSection(SolutionConfigurationPlatforms) = preSolution
		Debug|Any CPU = Debug|Any CPU
		Release|Any CPU = Release|Any CPU
	EndGlobalSection
	GlobalSection(ProjectConfigurationPlatforms) = postSolution
		{3B4DA864-025A-4E69-B577-D63D6987C221}.Debug|Any CPU.ActiveCfg = Debug|Any CPU
		{3B4DA864-025A-4E69-B577-D63D6987C221}.Debug|Any CPU.Build.0 = Debug|Any CPU
		{3B4DA864-025A-4E69-B577-D63D6987C221}.Release|Any CPU.ActiveCfg = Release|Any CPU
		{3B4DA864-025A-4E69-B577-D63D6987C221}.Release|Any CPU.Build.0 = Release|Any CPU
	EndGlobalSection
	GlobalSection(SolutionProperties) = preSolution
		HideSolutionNode = FALSE
	EndGlobalSection
	GlobalSection(ExtensibilityGlobals) = postSolution
		SolutionGuid = {3A911C16-2E60-499D-87AA-3AB64168E55D}
	EndGlobalSection
EndGlobal
